
Microsoft Visual Studio Solution File, Format Version 12.00
# Visual Studio 14
VisualStudioVersion = 14.0.25420.1
MinimumVisualStudioVersion = 10.0.40219.1
Project("{F2A71F9B-5D33-465A-A702-920D77279786}") = "fable-config-schema", "fable-config-schema.fsproj", "{ED1997F7-2998-4570-AFAB-F4E0945F7D55}"
EndProject
Global
	GlobalSection(SolutionConfigurationPlatforms) = preSolution
		Debug|Any CPU = Debug|Any CPU
		Release|Any CPU = Release|Any CPU
	EndGlobalSection
	GlobalSection(ProjectConfigurationPlatforms) = postSolution
		{ED1997F7-2998-4570-AFAB-F4E0945F7D55}.Debug|Any CPU.ActiveCfg = Debug|Any CPU
		{ED1997F7-2998-4570-AFAB-F4E0945F7D55}.Debug|Any CPU.Build.0 = Debug|Any CPU
		{ED1997F7-2998-4570-AFAB-F4E0945F7D55}.Release|Any CPU.ActiveCfg = Release|Any CPU
		{ED1997F7-2998-4570-AFAB-F4E0945F7D55}.Release|Any CPU.Build.0 = Release|Any CPU
	EndGlobalSection
	GlobalSection(SolutionProperties) = preSolution
		HideSolutionNode = FALSE
	EndGlobalSection
EndGlobal
